github.com/ONSdigital/dp-code-list-api v0.0.0-20190319102426-6565cb0ef559 h1:AVQMs6BNOltKBEHO4kzCHvWD558KmTBI3YkGnzWoSj4=
github.com/ONSdigital/dp-code-list-api v0.0.0-20190319102426-6565cb0ef559/go.mod h1:7IPu9DP8bkoj8axKeyblssZeS1zak6iGqGKotwFYTNE=
github.com/ONSdigital/dp-graph v0.0.0-20190806123818-8ccc8f292498 h1:3+qiEM2Af/xoNKMwHwsNx6Pa6B0XYS/LZOQ9CaQihCc=
github.com/ONSdigital/dp-graph v0.0.0-20190806123818-8ccc8f292498/go.mod h1:i6K5xRJNLzreuecqhjsc/2jWb/jbHTRzqZmakrsrBMs=
github.com/ONSdigital/dp-graph v0.0.0-20191004101526-fc948338dcfd h1:yW0oc09lCbqScz2zQ8xlEYMz8MCKM7jm5LywuXotTgU=
github.com/ONSdigital/dp-graph v0.0.0-20191004101526-fc948338dcfd/go.mod h1:i6K5xRJNLzreuecqhjsc/2jWb/jbHTRzqZmakrsrBMs=
github.com/ONSdigital/dp-hierarchy-api v0.0.0-20190322152253-64ca752d215c h1:vXToGaHHKfxsGoC86goOZBNlokmqwSjPoxRgX5Agfao=
github.com/ONSdigital/dp-hierarchy-api v0.0.0-20190322152253-64ca752d215c/go.mod h1:1oE930hQ6vS/5KFL2aXBlHb1nPF78ZsFkE2eQ4CvrZg=
github.com/ONSdigital/dp-observation-importer v0.0.0-20190322121413-17a25a1d914f h1:a1p3XOS+t9Kvhmw3sQ+irxLcF3RopJcrClBZz+KLTcw=
github.com/ONSdigital/dp-observation-importer v0.0.0-20190322121413-17a25a1d914f/go.mod h1:Tqh5Z7U5mTlP/CTVSFU7EvBwjeP+o9ZU87cupxivdy0=
github.com/ONSdigital/dp-reporter-client v0.0.0-20171010100543-2a4f047efd3a h1:4wdNys9QpJeqbaxyU5WIrBO0EcVACSth1XdfevQRXxo=
github.com/ONSdigital/dp-reporter-client v0.0.0-20171010100543-2a4f047efd3a/go.mod h1:uRoNMzwhwOkA6P6/3e5cex+AgxsUpt5+imFOl+PiJpc=
github.com/ONSdigital/go-ns v0.0.0-20190301135503-81b393bfc6e8 h1:JEq6NOvqLm4qqtIgeOc6hwGKvl8H3X8s4cBLU6BZIRc=
github.com/ONSdigital/go-ns v0.0.0-20190301135503-81b393bfc6e8/go.mod h1:iWos35il+NjbvDEqwtB736pyHru0MPFE/LqcwkV1wDc=
github.com/ONSdigital/golang-neo4j-bolt-driver v0.0.0-20190228153339-da534111531d h1:Z0FsB7q0SG3tG4O/WGv0hh1MyxScyZ5JWjECEgVCIzM=
github.com/ONSdigital/golang-neo4j-bolt-driver v0.0.0-20190228153339-da534111531d/go.mod h1:75Sxr59AMz2RiPskqSymLFxdeaIEhnkNaJE5lonMS3M=
github.com/ONSdigital/graphson v0.0.0-20190718134034-c13ceacd109d h1:yrCtEGlohmA3OnXtke0nOOp/m9O83orpSnTGOfYOw1Q=
github.com/ONSdigital/graphson v0.0.0-20190718134034-c13ceacd109d/go.mod h1:zQ+8pTnCLGuy4eUek81pWUxZo4/f71ri3VYz97Wby+4=
github.com/ONSdigital/gremgo-neptune v0.0.0-20190806135047-c3c614e5b650 h1:GmVUMOd+k7Czv87P7vJ1QTpws9THtzmCFX3z/BlKd0I=
github.com/ONSdigital/gremgo-neptune v0.0.0-20190806135047-c3c614e5b650/go.mod h1:oYyEo2KY54bzMSkdUpP0ouombGyaTN+P4ckKTuo+bog=
github.com/Shopify/sarama v1.17.1-0.20180704123112-f7df95cff1bc h1:oUDSbkgWma24dzfHdkOGOGjHxZNOAakoO9/vgzltfR0=
github.com/Shopify/sarama v1.17.1-0.20180704123112-f7df95cff1bc/go.mod h1:FVkBWblsNy7DGZRfXLU0O9RCGt5g3g3yEuWXgklEdEo=
github.com/bsm/sarama-cluster v2.1.15+incompatible h1:RkV6WiNRnqEEbp81druK8zYhmnIgdOjqSVi0+9Cnl2A=
github.com/bsm/sarama-cluster v2.1.15+incompatible/go.mod h1:r7ao+4tTNXvWm+VRpRJchr2kQhqxgmAp2iEX5W96gMM=
github.com/davecgh/go-spew v1.1.1 h1:vj9j/u1bqnvCEfJOwUhtlOARqs3+rkHYY13jYWTU97c=
github.com/davecgh/go-spew v1.1.1/go.mod h1:J7Y8YcW2NihsgmVo/mv3lAwl/skON4iLHjSsI+c5H38=
github.com/eapache/go-resiliency v1.2.0 h1:v7g92e/KSN71Rq7vSThKaWIq68fL4YHvWyiUKorFR1Q=
github.com/eapache/go-resiliency v1.2.0/go.mod h1:kFI+JgMyC7bLPUVY133qvEBtVayf5mFgVsvEsIPBvNs=
github.com/eapache/go-xerial-snappy v0.0.0-20180814174437-776d5712da21 h1:YEetp8/yCZMuEPMUDHG0CW/brkkEp8mzqk2+ODEitlw=
github.com/eapache/go-xerial-snappy v0.0.0-20180814174437-776d5712da21/go.mod h1:+020luEh2TKB4/GOp8oxxtq0Daoen/Cii55CzbTV6DU=
github.com/eapache/queue v1.1.0 h1:YOEu7KNc61ntiQlcEeUIoDTJ2o8mQznoNvUhiigpIqc=
github.com/eapache/queue v1.1.0/go.mod h1:6eCeP0CKFpHLu8blIFXhExK/dRa7WDZfr6jVFPTqq+I=
github.com/go-avro/avro v0.0.0-20171219232920-444163702c11 h1:yswqe8UdKNWn4kjh1YTaAbvOSPeg95xhW7h4qeICL5E=
github.com/go-avro/avro v0.0.0-20171219232920-444163702c11/go.mod h1:kxj6THYP0dmFPk4Z+bijIAhJoGgeBfyOKXMduhvdJPA=
github.com/gofrs/uuid v3.2.0+incompatible/go.mod h1:b2aQJv3Z4Fp6yNu3cdSllBxTCLRxnplIgP/c0N/04lM=
github.com/gofrs/uuid v3.2.1-0.20190510204422-abfe1881e60e+incompatible h1:hhqVoRTQz0u3o2vN4ItF2xsqFfsSALbwlr7V+ebu4So=
github.com/gofrs/uuid v3.2.1-0.20190510204422-abfe1881e60e+incompatible/go.mod h1:b2aQJv3Z4Fp6yNu3cdSllBxTCLRxnplIgP/c0N/04lM=
github.com/golang/snappy v0.0.1 h1:Qgr9rKW7uDUkrbSmQeiDsGa8SjGyCOGtuasMWwvp2P4=
github.com/golang/snappy v0.0.1/go.mod h1:/XxbfmMg8lxefKM7IXC3fBNl/7bRcc72aCRzEWrmP2Q=
github.com/gopherjs/gopherjs v0.0.0-20171102034023-444abdf92094/go.mod h1:wJfORRmW1u3UXTncJ5qlYoELFm8eSnnEO6hX4iZ3EWY=
github.com/gopherjs/gopherjs v0.0.0-20181017120253-0766667cb4d1/go.mod h1:wJfORRmW1u3UXTncJ5qlYoELFm8eSnnEO6hX4iZ3EWY=
github.com/gorilla/context v1.1.1/go.mod h1:kBGZzfjB9CEq2AlWe17Uuf7NDRt0dE0s8S51q0aT7Yg=
github.com/gorilla/mux v1.6.1-0.20171204161114-7904d2e42e7e h1:CzC0eLoUVASdPxXe4snA01BrdIzNxkJw6dguHXJLAlA=
github.com/gorilla/mux v1.6.1-0.20171204161114-7904d2e42e7e/go.mod h1:1lud6UwP+6orDFRuTfBEV8e9/aOM/c4fVVCaMa2zaAs=
github.com/gorilla/websocket v1.4.0/go.mod h1:E7qHFY5m1UJ88s3WnNqhKjPHQ0heANvMoAMk2YaljkQ=
github.com/gorilla/websocket v1.4.1-0.20190427040306-80c2d40e9b91 h1:iRvnHycBI65xHG/hLJoKKuDjTVGTuNuPIuMd05yLOCo=
github.com/gorilla/websocket v1.4.1-0.20190427040306-80c2d40e9b91/go.mod h1:E7qHFY5m1UJ88s3WnNqhKjPHQ0heANvMoAMk2YaljkQ=
github.com/jtolds/gls v4.20.0+incompatible h1:xdiiI2gbIgH/gLH7ADydsJ1uDOEzR8yvV7C0MuV77Wo=
github.com/jtolds/gls v4.20.0+incompatible/go.mod h1:QJZ7F/aHp+rZTRtaJ1ow/lLfFfVYBRgL+9YlvaHOwJU=
github.com/justinas/alice v0.0.0-20171023064455-03f45bd4b7da h1:5y58+OCjoHCYB8182mpf/dEsq0vwTKPOo4zGfH0xW9A=
github.com/justinas/alice v0.0.0-20171023064455-03f45bd4b7da/go.mod h1:oLH0CmIaxCGXD67VKGR5AacGXZSMznlmeqM8RzPrcY8=
github.com/kelseyhightower/envconfig v1.3.1-0.20180517194557-dd1402a4d99d h1:sFGQ0Cy3jrG5VX8eCfov6BzNxlwxDH/Cgmid1Zmblhk=
github.com/kelseyhightower/envconfig v1.3.1-0.20180517194557-dd1402a4d99d/go.mod h1:cccZRl6mQpaq41TPp5QxidR+Sa3axMbJDNb//FQX6Gg=
github.com/mattn/go-colorable v0.1.6 h1:6Su7aK7lXmJ/U79bYtBjLNaha4Fs1Rg9plHpcH+vvnE=
github.com/mattn/go-colorable v0.1.6/go.mod h1:u6P/XSegPjTcexA+o6vUJrdnUu04hMope9wVRipJSqc=
github.com/mattn/go-isatty v0.0.12 h1:wuysRhFDzyxgEmMf5xjvJ2M9dZoWAXNNr5LSBS7uHXY=
github.com/mattn/go-isatty v0.0.12/go.mod h1:cbi8OIDigv2wuxKPP5vlRcQ1OAZbq2CE4Kysco4FUpU=
github.com/mgutz/ansi v0.0.0-20170206155736-9520e82c474b h1:j7+1HpAFS1zy5+Q4qx1fWh90gTKwiN4QCGoY9TWyyO4=
github.com/mgutz/ansi v0.0.0-20170206155736-9520e82c474b/go.mod h1:01TrycV0kFyexm33Z7vhZRXopbI8J3TDReVlkTgMUxE=
github.com/pierrec/lz4 v2.4.1+incompatible h1:mFe7ttWaflA46Mhqh+jUfjp2qTbPYxLB2/OyBppH9dg=
github.com/pierrec/lz4 v2.4.1+incompatible/go.mod h1:pdkljMzZIN41W+lC3N2tnIh5sFi+IEE17M5jbnwPHcY=
github.com/pkg/errors v0.8.1/go.mod h1:bwawxfHBFNV+L2hUp1rHADufV3IMtnDRdf1r5NINEl0=
github.com/pkg/errors v0.8.2-0.20190109061628-ffb6e22f0193 h1:0+zEoO0EfrvcxHtYt+VS+OGlNllWCScvxyiUupfkbXY=
github.com/pkg/errors v0.8.2-0.20190109061628-ffb6e22f0193/go.mod h1:bwawxfHBFNV+L2hUp1rHADufV3IMtnDRdf1r5NINEl0=
github.com/rcrowley/go-metrics v0.0.0-20200313005456-10cdbea86bc0 h1:MkV+77GLUNo5oJ0jf870itWm3D0Sjh7+Za9gazKc5LQ=
github.com/rcrowley/go-metrics v0.0.0-20200313005456-10cdbea86bc0/go.mod h1:bCqnVzQkZxMG4s8nGwiZ5l3QUCyqpo9Y+/ZMZ9VjZe4=
github.com/smartystreets/assertions v0.0.0-20180927180507-b2de0cb4f26d/go.mod h1:OnSkiWE9lh6wB0YB77sQom3nweQdgAjqCqsofrRNTgc=
github.com/smartystreets/assertions v1.0.2-0.20190801024132-8df9578143a5 h1:RXbZvEQv1sFExN0a8Sg2NTU86xicb5qPIz2Cq8wStjI=
github.com/smartystreets/assertions v1.0.2-0.20190801024132-8df9578143a5/go.mod h1:kHHU4qYBaI3q23Pp3VPrmWhuIUrLW/7eUrw0BU5VaoM=
github.com/smartystreets/goconvey v0.0.0-20190330032615-68dc04aab96a/go.mod h1:syvi0/a8iFYH4r/RixwvyeAJjdLS9QV7WQ/tjFTllLA=
github.com/smartystreets/goconvey v1.6.4 h1:fv0U8FUIMPNf1L9lnHLvLhgicrIVChEkdzIKYqbNC9s=
github.com/smartystreets/goconvey v1.6.4/go.mod h1:syvi0/a8iFYH4r/RixwvyeAJjdLS9QV7WQ/tjFTllLA=
golang.org/x/crypto v0.0.0-20190308221718-c2843e01d9a2/go.mod h1:djNgcEr1/C05ACkg1iLfiJU5Ep61QUkGW8qpdssI0+w=
golang.org/x/net v0.0.0-20190311183353-d8887717615a h1:oWX7TPOiFAMXLq8o0ikBYfCJVlRHBcsciT5bXOrH628=
golang.org/x/net v0.0.0-20190311183353-d8887717615a/go.mod h1:t9HGtf8HONx5eT2rtn7q6eTqICYqUVnKs3thJo3Qplg=
golang.org/x/sys v0.0.0-20190215142949-d0b11bdaac8a/go.mod h1:STP8DvDyc/dI5b8T5hshtkjS+E42TnysNCUPdjciGhY=
golang.org/x/sys v0.0.0-20200116001909-b77594299b42/go.mod h1:h1NjWce9XRLGQEsW7wpKNCjG9DtNlClVuFLEZdDNbEs=
golang.org/x/sys v0.0.0-20200223170610-d5e6a3e2c0ae h1:/WDfKMnPU+m5M4xB+6x4kaepxRw6jWvR5iDRdvjHgy8=
golang.org/x/sys v0.0.0-20200223170610-d5e6a3e2c0ae/go.mod h1:h1NjWce9XRLGQEsW7wpKNCjG9DtNlClVuFLEZdDNbEs=
golang.org/x/text v0.3.0/go.mod h1:NqM8EUOU14njkJ3fqMW+pc6Ldnwhi/IjpwHt7yyuwOQ=
golang.org/x/tools v0.0.0-20190328211700-ab21143f2384/go.mod h1:LCzVGOaR6xXOjkQ3onu1FJEFr0SW1gC7cKk1uF8kGRs=
